
Microsoft Visual Studio Solution File, Format Version 12.00
# Visual Studio 2017
Project("{FAE04EC0-301F-11D3-BF4B-00C04F79EFBC}") = "Game Jam 2018 The Running Boy", "Game Jam 2018 The Running Boy.csproj", "{E247350F-EF28-6E9F-8225-FF337C558E51}"
EndProject
Project("{FAE04EC0-301F-11D3-BF4B-00C04F79EFBC}") = "Game Jam 2018 The Running Boy.Plugins", "Game Jam 2018 The Running Boy.Plugins.csproj", "{87052AC0-0063-37BB-5B29-D05C2F7EA0F5}"
EndProject
Project("{FAE04EC0-301F-11D3-BF4B-00C04F79EFBC}") = "Game Jam 2018 The Running Boy.Editor", "Game Jam 2018 The Running Boy.Editor.csproj", "{C1B419D0-F893-4350-84A4-55B7676A1D8B}"
EndProject
Global
	GlobalSection(SolutionConfigurationPlatforms) = preSolution
		Debug|Any CPU = Debug|Any CPU
		Release|Any CPU = Release|Any CPU
	EndGlobalSection
	GlobalSection(ProjectConfigurationPlatforms) = postSolution
		{E247350F-EF28-6E9F-8225-FF337C558E51}.Debug|Any CPU.ActiveCfg = Debug|Any CPU
		{E247350F-EF28-6E9F-8225-FF337C558E51}.Debug|Any CPU.Build.0 = Debug|Any CPU
		{E247350F-EF28-6E9F-8225-FF337C558E51}.Release|Any CPU.ActiveCfg = Release|Any CPU
		{E247350F-EF28-6E9F-8225-FF337C558E51}.Release|Any CPU.Build.0 = Release|Any CPU
		{87052AC0-0063-37BB-5B29-D05C2F7EA0F5}.Debug|Any CPU.ActiveCfg = Debug|Any CPU
		{87052AC0-0063-37BB-5B29-D05C2F7EA0F5}.Debug|Any CPU.Build.0 = Debug|Any CPU
		{87052AC0-0063-37BB-5B29-D05C2F7EA0F5}.Release|Any CPU.ActiveCfg = Release|Any CPU
		{87052AC0-0063-37BB-5B29-D05C2F7EA0F5}.Release|Any CPU.Build.0 = Release|Any CPU
		{C1B419D0-F893-4350-84A4-55B7676A1D8B}.Debug|Any CPU.ActiveCfg = Debug|Any CPU
		{C1B419D0-F893-4350-84A4-55B7676A1D8B}.Debug|Any CPU.Build.0 = Debug|Any CPU
		{C1B419D0-F893-4350-84A4-55B7676A1D8B}.Release|Any CPU.ActiveCfg = Release|Any CPU
		{C1B419D0-F893-4350-84A4-55B7676A1D8B}.Release|Any CPU.Build.0 = Release|Any CPU
	EndGlobalSection
	GlobalSection(SolutionProperties) = preSolution
		HideSolutionNode = FALSE
	EndGlobalSection
EndGlobal
